
Microsoft Visual Studio Solution File, Format Version 12.00
# Visual Studio Version 16
VisualStudioVersion = 16.0.31005.135
MinimumVisualStudioVersion = 10.0.40219.1
Project("{FAE04EC0-301F-11D3-BF4B-00C04F79EFBC}") = "Project1", "Project1\Project1.csproj", "{79496DA5-45B7-4270-8470-75C03F88A6E5}"
EndProject
Global
	GlobalSection(SolutionConfigurationPlatforms) = preSolution
		Debug|Any CPU = Debug|Any CPU
		Release|Any CPU = Release|Any CPU
	EndGlobalSection
	GlobalSection(ProjectConfigurationPlatforms) = postSolution
		{79496DA5-45B7-4270-8470-75C03F88A6E5}.Debug|Any CPU.ActiveCfg = Debug|Any CPU
		{79496DA5-45B7-4270-8470-75C03F88A6E5}.Debug|Any CPU.Build.0 = Debug|Any CPU
		{79496DA5-45B7-4270-8470-75C03F88A6E5}.Release|Any CPU.ActiveCfg = Release|Any CPU
		{79496DA5-45B7-4270-8470-75C03F88A6E5}.Release|Any CPU.Build.0 = Release|Any CPU
	EndGlobalSection
	GlobalSection(SolutionProperties) = preSolution
		HideSolutionNode = FALSE
	EndGlobalSection
	GlobalSection(ExtensibilityGlobals) = postSolution
		SolutionGuid = {D5497FBF-D29F-43EA-AECA-42BC1C125800}
	EndGlobalSection
EndGlobal
