
Microsoft Visual Studio Solution File, Format Version 12.00
# Visual Studio Version 16
VisualStudioVersion = 16.0.30907.101
MinimumVisualStudioVersion = 10.0.40219.1
Project("{FAE04EC0-301F-11D3-BF4B-00C04F79EFBC}") = "FutureValue", "FutureValue\FutureValue.csproj", "{9433E21D-F462-4FB6-BBE5-FCC68F701069}"
EndProject
Global
	GlobalSection(SolutionConfigurationPlatforms) = preSolution
		Debug|Any CPU = Debug|Any CPU
		Release|Any CPU = Release|Any CPU
	EndGlobalSection
	GlobalSection(ProjectConfigurationPlatforms) = postSolution
		{9433E21D-F462-4FB6-BBE5-FCC68F701069}.Debug|Any CPU.ActiveCfg = Debug|Any CPU
		{9433E21D-F462-4FB6-BBE5-FCC68F701069}.Debug|Any CPU.Build.0 = Debug|Any CPU
		{9433E21D-F462-4FB6-BBE5-FCC68F701069}.Release|Any CPU.ActiveCfg = Release|Any CPU
		{9433E21D-F462-4FB6-BBE5-FCC68F701069}.Release|Any CPU.Build.0 = Release|Any CPU
	EndGlobalSection
	GlobalSection(SolutionProperties) = preSolution
		HideSolutionNode = FALSE
	EndGlobalSection
	GlobalSection(ExtensibilityGlobals) = postSolution
		SolutionGuid = {A690A4AC-E04C-418E-BEC8-D25FA4827824}
	EndGlobalSection
EndGlobal
